
Microsoft Visual Studio Solution File, Format Version 12.00
# Visual Studio Version 16
VisualStudioVersion = 16.0.30621.155
MinimumVisualStudioVersion = 10.0.40219.1
Project("{9A19103F-16F7-4668-BE54-9A1E7A4F7556}") = "Evaluation.WebAPI", "Evaluation\Evaluation.WebAPI.csproj", "{443B8BC9-3F57-4D84-8536-368DD21B682F}"
EndProject
Project("{FAE04EC0-301F-11D3-BF4B-00C04F79EFBC}") = "Evaluation.Test", "Evaluation.Test\Evaluation.Test.csproj", "{DBE76727-4FC0-45EB-A42D-152EE9C39362}"
EndProject
Project("{FAE04EC0-301F-11D3-BF4B-00C04F79EFBC}") = "Evaluation.Domain", "Evaluation.Domain\Evaluation.Domain.csproj", "{4AA7EDEE-6410-4201-A9B0-4F3AF96E569A}"
EndProject
Project("{FAE04EC0-301F-11D3-BF4B-00C04F79EFBC}") = "Evaluation.Services", "Evaluation.Services\Evaluation.Services.csproj", "{8783A7D0-192F-478F-B02A-15CC1329EC08}"
EndProject
Project("{FAE04EC0-301F-11D3-BF4B-00C04F79EFBC}") = "Evaluation.Brokers", "Evaluation.Brokers\Evaluation.Brokers.csproj", "{560ED617-42B1-40C2-AE60-4159CA3C81CA}"
EndProject
Global
	GlobalSection(SolutionConfigurationPlatforms) = preSolution
		Debug|Any CPU = Debug|Any CPU
		Release|Any CPU = Release|Any CPU
	EndGlobalSection
	GlobalSection(ProjectConfigurationPlatforms) = postSolution
		{443B8BC9-3F57-4D84-8536-368DD21B682F}.Debug|Any CPU.ActiveCfg = Debug|Any CPU
		{443B8BC9-3F57-4D84-8536-368DD21B682F}.Debug|Any CPU.Build.0 = Debug|Any CPU
		{443B8BC9-3F57-4D84-8536-368DD21B682F}.Release|Any CPU.ActiveCfg = Release|Any CPU
		{443B8BC9-3F57-4D84-8536-368DD21B682F}.Release|Any CPU.Build.0 = Release|Any CPU
		{DBE76727-4FC0-45EB-A42D-152EE9C39362}.Debug|Any CPU.ActiveCfg = Debug|Any CPU
		{DBE76727-4FC0-45EB-A42D-152EE9C39362}.Debug|Any CPU.Build.0 = Debug|Any CPU
		{DBE76727-4FC0-45EB-A42D-152EE9C39362}.Release|Any CPU.ActiveCfg = Release|Any CPU
		{DBE76727-4FC0-45EB-A42D-152EE9C39362}.Release|Any CPU.Build.0 = Release|Any CPU
		{4AA7EDEE-6410-4201-A9B0-4F3AF96E569A}.Debug|Any CPU.ActiveCfg = Debug|Any CPU
		{4AA7EDEE-6410-4201-A9B0-4F3AF96E569A}.Debug|Any CPU.Build.0 = Debug|Any CPU
		{4AA7EDEE-6410-4201-A9B0-4F3AF96E569A}.Release|Any CPU.ActiveCfg = Release|Any CPU
		{4AA7EDEE-6410-4201-A9B0-4F3AF96E569A}.Release|Any CPU.Build.0 = Release|Any CPU
		{8783A7D0-192F-478F-B02A-15CC1329EC08}.Debug|Any CPU.ActiveCfg = Debug|Any CPU
		{8783A7D0-192F-478F-B02A-15CC1329EC08}.Debug|Any CPU.Build.0 = Debug|Any CPU
		{8783A7D0-192F-478F-B02A-15CC1329EC08}.Release|Any CPU.ActiveCfg = Release|Any CPU
		{8783A7D0-192F-478F-B02A-15CC1329EC08}.Release|Any CPU.Build.0 = Release|Any CPU
		{560ED617-42B1-40C2-AE60-4159CA3C81CA}.Debug|Any CPU.ActiveCfg = Debug|Any CPU
		{560ED617-42B1-40C2-AE60-4159CA3C81CA}.Debug|Any CPU.Build.0 = Debug|Any CPU
		{560ED617-42B1-40C2-AE60-4159CA3C81CA}.Release|Any CPU.ActiveCfg = Release|Any CPU
		{560ED617-42B1-40C2-AE60-4159CA3C81CA}.Release|Any CPU.Build.0 = Release|Any CPU
	EndGlobalSection
	GlobalSection(SolutionProperties) = preSolution
		HideSolutionNode = FALSE
	EndGlobalSection
	GlobalSection(ExtensibilityGlobals) = postSolution
		SolutionGuid = {12F9A8D5-F09D-4B20-A87B-BD4BDF0B48FD}
	EndGlobalSection
EndGlobal
